{
  "requires": true,
  "lockfileVersion": 1,
  "dependencies": {
    "dom-walk": {
      "version": "0.1.1",
      "resolved": "https://registry.npmjs.org/dom-walk/-/dom-walk-0.1.1.tgz",
      "integrity": "sha1-ZyIm3HTI95mtNTB9+TaroRrNYBg="
    },
    "get-random-values": {
      "version": "1.2.0",
      "resolved": "https://registry.npmjs.org/get-random-values/-/get-random-values-1.2.0.tgz",
      "integrity": "sha1-MpIO3oG+2YJl/0A3HPSSmb1YHvE=",
      "requires": {
        "global": "4.3.2"
      }
    },
    "global": {
      "version": "4.3.2",
      "resolved": "https://registry.npmjs.org/global/-/global-4.3.2.tgz",
      "integrity": "sha1-52mJJopsdMOJCLEwWxD8DjlOnQ8=",
      "requires": {
        "min-document": "2.19.0",
        "process": "0.5.2"
      }
    },
    "min-document": {
      "version": "2.19.0",
      "resolved": "https://registry.npmjs.org/min-document/-/min-document-2.19.0.tgz",
      "integrity": "sha1-e9KC4/WELtKVu3SM3Z8f+iyCRoU=",
      "requires": {
        "dom-walk": "0.1.1"
      }
    },
    "node-jsencrypt": {
      "version": "1.0.0",
      "resolved": "https://registry.npmjs.org/node-jsencrypt/-/node-jsencrypt-1.0.0.tgz",
      "integrity": "sha1-g//O1BTsvhL+oBfGxYXJv8Sa0Zs=",
      "requires": {
        "get-random-values": "1.2.0"
      }
    },
    "process": {
      "version": "0.5.2",
      "resolved": "https://registry.npmjs.org/process/-/process-0.5.2.tgz",
      "integrity": "sha1-FjjYqONML0QKkduVq5rrZ3/Bhc8="
    }
  }
}
