{
  "name": "securecodingdojo",
  "version": "1.0.0",
  "lockfileVersion": 1,
  "requires": true,
  "dependencies": {
    "@types/body-parser": {
      "version": "1.17.0",
      "resolved": "https://registry.npmjs.org/@types/body-parser/-/body-parser-1.17.0.tgz",
      "integrity": "sha512-a2+YeUjPkztKJu5aIF2yArYFQQp8d51wZ7DavSHjFuY1mqVgidGyzEQ41JIVNy82fXj8yPgy2vJmfIywgESW6w==",
      "requires": {
        "@types/connect": "*",
        "@types/node": "*"
      }
    },
    "@types/connect": {
      "version": "3.4.32",
      "resolved": "https://registry.npmjs.org/@types/connect/-/connect-3.4.32.tgz",
      "integrity": "sha512-4r8qa0quOvh7lGD0pre62CAb1oni1OO6ecJLGCezTmhQ8Fz50Arx9RUszryR8KlgK6avuSXvviL6yWyViQABOg==",
      "requires": {
        "@types/node": "*"
      }
    },
    "@types/events": {
      "version": "1.2.0",
      "resolved": "https://registry.npmjs.org/@types/events/-/events-1.2.0.tgz",
      "integrity": "sha512-KEIlhXnIutzKwRbQkGWb/I4HFqBuUykAdHgDED6xqwXJfONCjF5VoE0cXEiurh3XauygxzeDzgtXUqvLkxFzzA=="
    },
    "@types/express": {
      "version": "4.16.0",
      "resolved": "https://registry.npmjs.org/@types/express/-/express-4.16.0.tgz",
      "integrity": "sha512-TtPEYumsmSTtTetAPXlJVf3kEqb6wZK0bZojpJQrnD/djV4q1oB6QQ8aKvKqwNPACoe02GNiy5zDzcYivR5Z2w==",
      "requires": {
        "@types/body-parser": "*",
        "@types/express-serve-static-core": "*",
        "@types/serve-static": "*"
      }
    },
    "@types/express-serve-static-core": {
      "version": "4.16.0",
      "resolved": "https://registry.npmjs.org/@types/express-serve-static-core/-/express-serve-static-core-4.16.0.tgz",
      "integrity": "sha512-lTeoCu5NxJU4OD9moCgm0ESZzweAx0YqsAcab6OB0EB3+As1OaHtKnaGJvcngQxYsi9UNv0abn4/DRavrRxt4w==",
      "requires": {
        "@types/events": "*",
        "@types/node": "*",
        "@types/range-parser": "*"
      }
    },
    "@types/ldapjs": {
      "version": "1.0.3",
      "resolved": "https://registry.npmjs.org/@types/ldapjs/-/ldapjs-1.0.3.tgz",
      "integrity": "sha512-FSj24s1WsFEfOy8taIKp2DokSZfFkjWYZb88AS5eDj3WTocZ+4DnHjhzrXEs048WQ5mfOLJXMOAnc0kSnHh5Lw==",
      "requires": {
        "@types/events": "*",
        "@types/node": "*"
      }
    },
    "@types/mime": {
      "version": "2.0.0",
      "resolved": "https://registry.npmjs.org/@types/mime/-/mime-2.0.0.tgz",
      "integrity": "sha512-A2TAGbTFdBw9azHbpVd+/FkdW2T6msN1uct1O9bH3vTerEHKZhTXJUQXy+hNq1B0RagfU8U+KBdqiZpxjhOUQA=="
    },
    "@types/node": {
      "version": "7.0.66",
      "resolved": "https://registry.npmjs.org/@types/node/-/node-7.0.66.tgz",
      "integrity": "sha512-W11u5kUNSX2+N6bJ7rPyLW4N98/xzrZg8apRoTwC0zbFjIie//oxgKAvqkQNQ97KVchB49ost74kgzoeDiE+Uw=="
    },
    "@types/passport": {
      "version": "0.3.5",
      "resolved": "https://registry.npmjs.org/@types/passport/-/passport-0.3.5.tgz",
      "integrity": "sha512-J7mdY1nnhjdbkXT84S3WsyrTtDf2KqUJ9JW3Y9vxA5GuXlejIuvwHw9A2TdNklAqPG2Q0TWqlsA2a2GIeV1jYA==",
      "requires": {
        "@types/express": "*"
      }
    },
    "@types/range-parser": {
      "version": "1.2.2",
      "resolved": "https://registry.npmjs.org/@types/range-parser/-/range-parser-1.2.2.tgz",
      "integrity": "sha512-HtKGu+qG1NPvYe1z7ezLsyIaXYyi8SoAVqWDZgDQ8dLrsZvSzUNCwZyfX33uhWxL/SU0ZDQZ3nwZ0nimt507Kw=="
    },
    "@types/serve-static": {
      "version": "1.13.2",
      "resolved": "https://registry.npmjs.org/@types/serve-static/-/serve-static-1.13.2.tgz",
      "integrity": "sha512-/BZ4QRLpH/bNYgZgwhKEh+5AsboDBcUdlBYgzoLX0fpj3Y2gp6EApyOlM3bK53wQS/OE1SrdSYBAbux2D1528Q==",
      "requires": {
        "@types/express-serve-static-core": "*",
        "@types/mime": "*"
      }
    },
    "abbrev": {
      "version": "1.1.1",
      "resolved": "https://registry.npmjs.org/abbrev/-/abbrev-1.1.1.tgz",
      "integrity": "sha512-nne9/IiQ/hzIhY6pdDnbBtz7DjPTKrY00P/zvPSm5pOFkl6xuGrGnXn/VtTNNfNtAfZ9/1RtehkszU9qcTii0Q=="
    },
    "accepts": {
      "version": "1.3.5",
      "resolved": "https://registry.npmjs.org/accepts/-/accepts-1.3.5.tgz",
      "integrity": "sha1-63d99gEXI6OxTopywIBcjoZ0a9I=",
      "requires": {
        "mime-types": "~2.1.18",
        "negotiator": "0.6.1"
      }
    },
    "array-flatten": {
      "version": "1.1.1",
      "resolved": "https://registry.npmjs.org/array-flatten/-/array-flatten-1.1.1.tgz",
      "integrity": "sha1-ml9pkFGx5wczKPKgCJaLZOopVdI="
    },
    "asn1": {
      "version": "0.2.3",
      "resolved": "https://registry.npmjs.org/asn1/-/asn1-0.2.3.tgz",
      "integrity": "sha1-2sh4dxPJlmhJ/IGAd36+nB3fO4Y="
    },
    "assert-plus": {
      "version": "1.0.0",
      "resolved": "https://registry.npmjs.org/assert-plus/-/assert-plus-1.0.0.tgz",
      "integrity": "sha1-8S4PPF13sLHN2RRpQuTpbB5N1SU="
    },
    "async": {
      "version": "2.6.0",
      "resolved": "https://registry.npmjs.org/async/-/async-2.6.0.tgz",
      "integrity": "sha512-xAfGg1/NTLBBKlHFmnd7PlmUW9KhVQIUuSrYem9xzFUZy13ScvtyGGejaae9iAVRiRq9+Cx7DPFaAAhCpyxyPw==",
      "requires": {
        "lodash": "^4.14.0"
      }
    },
    "atob": {
      "version": "2.1.1",
      "resolved": "https://registry.npmjs.org/atob/-/atob-2.1.1.tgz",
      "integrity": "sha1-ri1acpR38onWDdf5amMUoi3Wwio="
    },
    "backoff": {
      "version": "2.5.0",
      "resolved": "https://registry.npmjs.org/backoff/-/backoff-2.5.0.tgz",
      "integrity": "sha1-9hbtqdPktmuMp/ynn2lXIsX44m8=",
      "requires": {
        "precond": "0.2"
      }
    },
    "balanced-match": {
      "version": "1.0.0",
      "resolved": "https://registry.npmjs.org/balanced-match/-/balanced-match-1.0.0.tgz",
      "integrity": "sha1-ibTRmasr7kneFk6gK4nORi1xt2c=",
      "optional": true
    },
    "bcryptjs": {
      "version": "2.4.3",
      "resolved": "https://registry.npmjs.org/bcryptjs/-/bcryptjs-2.4.3.tgz",
      "integrity": "sha1-mrVie5PmBiH/fNrF2pczAn3x0Ms="
    },
    "body-parser": {
      "version": "1.18.2",
      "resolved": "https://registry.npmjs.org/body-parser/-/body-parser-1.18.2.tgz",
      "integrity": "sha1-h2eKGdhLR9hZuDGZvVm84iKxBFQ=",
      "requires": {
        "bytes": "3.0.0",
        "content-type": "~1.0.4",
        "debug": "2.6.9",
        "depd": "~1.1.1",
        "http-errors": "~1.6.2",
        "iconv-lite": "0.4.19",
        "on-finished": "~2.3.0",
        "qs": "6.5.1",
        "raw-body": "2.3.2",
        "type-is": "~1.6.15"
      }
    },
    "brace-expansion": {
      "version": "1.1.11",
      "resolved": "https://registry.npmjs.org/brace-expansion/-/brace-expansion-1.1.11.tgz",
      "integrity": "sha512-iCuPHDFgrHX7H2vEI/5xpz07zSHB00TpugqhmYtVmMO6518mCuRMoOYFldEBl0g187ufozdaHgWKcYFb61qGiA==",
      "optional": true,
      "requires": {
        "balanced-match": "^1.0.0",
        "concat-map": "0.0.1"
      }
    },
    "btoa": {
      "version": "1.2.1",
      "resolved": "https://registry.npmjs.org/btoa/-/btoa-1.2.1.tgz",
      "integrity": "sha512-SB4/MIGlsiVkMcHmT+pSmIPoNDoHg+7cMzmt3Uxt628MTz2487DKSqK/fuhFBrkuqrYv5UCEnACpF4dTFNKc/g=="
    },
    "bunyan": {
      "version": "1.8.12",
      "resolved": "https://registry.npmjs.org/bunyan/-/bunyan-1.8.12.tgz",
      "integrity": "sha1-8VDw9nSKvdcq6uhPBEA74u8RN5c=",
      "requires": {
        "dtrace-provider": "~0.8",
        "moment": "^2.10.6",
        "mv": "~2",
        "safe-json-stringify": "~1"
      }
    },
    "bytes": {
      "version": "3.0.0",
      "resolved": "https://registry.npmjs.org/bytes/-/bytes-3.0.0.tgz",
      "integrity": "sha1-0ygVQE1olpn4Wk6k+odV3ROpYEg="
    },
    "captchapng": {
      "version": "0.0.1",
      "resolved": "https://registry.npmjs.org/captchapng/-/captchapng-0.0.1.tgz",
      "integrity": "sha1-F2BdQHb+xjcHkQYaqBQ5nhjIk+o=",
      "requires": {
        "pnglib": "^0.0.1"
      }
    },
    "concat-map": {
      "version": "0.0.1",
      "resolved": "https://registry.npmjs.org/concat-map/-/concat-map-0.0.1.tgz",
      "integrity": "sha1-2Klr13/Wjfd5OnMDajug1UBdR3s=",
      "optional": true
    },
    "content-disposition": {
      "version": "0.5.2",
      "resolved": "https://registry.npmjs.org/content-disposition/-/content-disposition-0.5.2.tgz",
      "integrity": "sha1-DPaLud318r55YcOoUXjLhdunjLQ="
    },
    "content-type": {
      "version": "1.0.4",
      "resolved": "https://registry.npmjs.org/content-type/-/content-type-1.0.4.tgz",
      "integrity": "sha512-hIP3EEPs8tB9AT1L+NUqtwOAps4mk2Zob89MWXMHjHWg9milF/j4osnnQLXBCBFBk/tvIG/tUc9mOUJiPBhPXA=="
    },
    "cookie": {
      "version": "0.3.1",
      "resolved": "https://registry.npmjs.org/cookie/-/cookie-0.3.1.tgz",
      "integrity": "sha1-5+Ch+e9DtMi6klxcWpboBtFoc7s="
    },
    "cookie-parser": {
      "version": "1.4.3",
      "resolved": "https://registry.npmjs.org/cookie-parser/-/cookie-parser-1.4.3.tgz",
      "integrity": "sha1-D+MfoZ0AC5X0qt8fU/3CuKIDuqU=",
      "requires": {
        "cookie": "0.3.1",
        "cookie-signature": "1.0.6"
      }
    },
    "cookie-signature": {
      "version": "1.0.6",
      "resolved": "https://registry.npmjs.org/cookie-signature/-/cookie-signature-1.0.6.tgz",
      "integrity": "sha1-4wOogrNCzD7oylE6eZmXNNqzriw="
    },
    "core-util-is": {
      "version": "1.0.2",
      "resolved": "https://registry.npmjs.org/core-util-is/-/core-util-is-1.0.2.tgz",
      "integrity": "sha1-tf1UIgqivFq1eqtxQMlAdUUDwac="
    },
    "crc": {
      "version": "3.4.4",
      "resolved": "https://registry.npmjs.org/crc/-/crc-3.4.4.tgz",
      "integrity": "sha1-naHpgOO9RPxck79as9ozeNheRms="
    },
    "crypto": {
      "version": "0.0.3",
      "resolved": "https://registry.npmjs.org/crypto/-/crypto-0.0.3.tgz",
      "integrity": "sha1-RwqBuGvkxe4XrMggeh9TFa4g27A="
    },
    "dashdash": {
      "version": "1.14.1",
      "resolved": "https://registry.npmjs.org/dashdash/-/dashdash-1.14.1.tgz",
      "integrity": "sha1-hTz6D3y+L+1d4gMmuN1YEDX24vA=",
      "requires": {
        "assert-plus": "^1.0.0"
      }
    },
    "debug": {
      "version": "2.6.9",
      "resolved": "https://registry.npmjs.org/debug/-/debug-2.6.9.tgz",
      "integrity": "sha512-bC7ElrdJaJnPbAP+1EotYvqZsb3ecl5wi6Bfi6BJTUcNowp6cvspg0jXznRTKDjm/E7AdgFBVeAPVMNcKGsHMA==",
      "requires": {
        "ms": "2.0.0"
      }
    },
    "denque": {
      "version": "1.3.0",
      "resolved": "https://registry.npmjs.org/denque/-/denque-1.3.0.tgz",
      "integrity": "sha512-4SRaSj+PqmrS1soW5/Avd7eJIM2JJIqLLmwhRqIGleZM/8KwZq80njbSS2Iqas+6oARkSkLDHEk4mm78q3JlIg=="
    },
    "depd": {
      "version": "1.1.2",
      "resolved": "https://registry.npmjs.org/depd/-/depd-1.1.2.tgz",
      "integrity": "sha1-m81S4UwJd2PnSbJ0xDRu0uVgtak="
    },
    "destroy": {
      "version": "1.0.4",
      "resolved": "https://registry.npmjs.org/destroy/-/destroy-1.0.4.tgz",
      "integrity": "sha1-l4hXRCxEdJ5CBmE+N5RiBYJqvYA="
    },
    "dtrace-provider": {
      "version": "0.8.7",
      "resolved": "https://registry.npmjs.org/dtrace-provider/-/dtrace-provider-0.8.7.tgz",
      "integrity": "sha1-3JObTT4GIM/gwc2APQ0tftBP/QQ=",
      "optional": true,
      "requires": {
        "nan": "^2.10.0"
      }
    },
    "ee-first": {
      "version": "1.1.1",
      "resolved": "https://registry.npmjs.org/ee-first/-/ee-first-1.1.1.tgz",
      "integrity": "sha1-WQxhFWsK4vTwJVcyoViyZrxWsh0="
    },
    "ejs": {
      "version": "2.5.9",
      "resolved": "https://registry.npmjs.org/ejs/-/ejs-2.5.9.tgz",
      "integrity": "sha512-GJCAeDBKfREgkBtgrYSf9hQy9kTb3helv0zGdzqhM7iAkW8FA/ZF97VQDbwFiwIT8MQLLOe5VlPZOEvZAqtUAQ=="
    },
    "encodeurl": {
      "version": "1.0.2",
      "resolved": "https://registry.npmjs.org/encodeurl/-/encodeurl-1.0.2.tgz",
      "integrity": "sha1-rT/0yG7C0CkyL1oCw6mmBslbP1k="
    },
    "escape-html": {
      "version": "1.0.3",
      "resolved": "https://registry.npmjs.org/escape-html/-/escape-html-1.0.3.tgz",
      "integrity": "sha1-Aljq5NPQwJdN4cFpGI7wBR0dGYg="
    },
    "etag": {
      "version": "1.8.1",
      "resolved": "https://registry.npmjs.org/etag/-/etag-1.8.1.tgz",
      "integrity": "sha1-Qa4u62XvpiJorr/qg6x9eSmbCIc="
    },
    "express": {
      "version": "4.16.3",
      "resolved": "https://registry.npmjs.org/express/-/express-4.16.3.tgz",
      "integrity": "sha1-avilAjUNsyRuzEvs9rWjTSL37VM=",
      "requires": {
        "accepts": "~1.3.5",
        "array-flatten": "1.1.1",
        "body-parser": "1.18.2",
        "content-disposition": "0.5.2",
        "content-type": "~1.0.4",
        "cookie": "0.3.1",
        "cookie-signature": "1.0.6",
        "debug": "2.6.9",
        "depd": "~1.1.2",
        "encodeurl": "~1.0.2",
        "escape-html": "~1.0.3",
        "etag": "~1.8.1",
        "finalhandler": "1.1.1",
        "fresh": "0.5.2",
        "merge-descriptors": "1.0.1",
        "methods": "~1.1.2",
        "on-finished": "~2.3.0",
        "parseurl": "~1.3.2",
        "path-to-regexp": "0.1.7",
        "proxy-addr": "~2.0.3",
        "qs": "6.5.1",
        "range-parser": "~1.2.0",
        "safe-buffer": "5.1.1",
        "send": "0.16.2",
        "serve-static": "1.13.2",
        "setprototypeof": "1.1.0",
        "statuses": "~1.4.0",
        "type-is": "~1.6.16",
        "utils-merge": "1.0.1",
        "vary": "~1.1.2"
      },
      "dependencies": {
        "statuses": {
          "version": "1.4.0",
          "resolved": "https://registry.npmjs.org/statuses/-/statuses-1.4.0.tgz",
          "integrity": "sha512-zhSCtt8v2NDrRlPQpCNtw/heZLtfUDqxBM1udqikb/Hbk52LK4nQSwr10u77iopCW5LsyHpuXS0GnEc48mLeew=="
        },
        "utils-merge": {
          "version": "1.0.1",
          "resolved": "https://registry.npmjs.org/utils-merge/-/utils-merge-1.0.1.tgz",
          "integrity": "sha1-n5VxD1CiZ5R7LMwSR0HBAoQn5xM="
        }
      }
    },
    "express-session": {
      "version": "1.15.6",
      "resolved": "https://registry.npmjs.org/express-session/-/express-session-1.15.6.tgz",
      "integrity": "sha512-r0nrHTCYtAMrFwZ0kBzZEXa1vtPVrw0dKvGSrKP4dahwBQ1BJpF2/y1Pp4sCD/0kvxV4zZeclyvfmw0B4RMJQA==",
      "requires": {
        "cookie": "0.3.1",
        "cookie-signature": "1.0.6",
        "crc": "3.4.4",
        "debug": "2.6.9",
        "depd": "~1.1.1",
        "on-headers": "~1.0.1",
        "parseurl": "~1.3.2",
        "uid-safe": "~2.1.5",
        "utils-merge": "1.0.1"
      },
      "dependencies": {
        "utils-merge": {
          "version": "1.0.1",
          "resolved": "https://registry.npmjs.org/utils-merge/-/utils-merge-1.0.1.tgz",
          "integrity": "sha1-n5VxD1CiZ5R7LMwSR0HBAoQn5xM="
        }
      }
    },
    "extsprintf": {
      "version": "1.2.0",
      "resolved": "https://registry.npmjs.org/extsprintf/-/extsprintf-1.2.0.tgz",
      "integrity": "sha1-WtlGwi9bMrp/jNdCZxHG6KP8JSk="
    },
    "finalhandler": {
      "version": "1.1.1",
      "resolved": "https://registry.npmjs.org/finalhandler/-/finalhandler-1.1.1.tgz",
      "integrity": "sha512-Y1GUDo39ez4aHAw7MysnUD5JzYX+WaIj8I57kO3aEPT1fFRL4sr7mjei97FgnwhAyyzRYmQZaTHb2+9uZ1dPtg==",
      "requires": {
        "debug": "2.6.9",
        "encodeurl": "~1.0.2",
        "escape-html": "~1.0.3",
        "on-finished": "~2.3.0",
        "parseurl": "~1.3.2",
        "statuses": "~1.4.0",
        "unpipe": "~1.0.0"
      },
      "dependencies": {
        "statuses": {
          "version": "1.4.0",
          "resolved": "https://registry.npmjs.org/statuses/-/statuses-1.4.0.tgz",
          "integrity": "sha512-zhSCtt8v2NDrRlPQpCNtw/heZLtfUDqxBM1udqikb/Hbk52LK4nQSwr10u77iopCW5LsyHpuXS0GnEc48mLeew=="
        }
      }
    },
    "forwarded": {
      "version": "0.1.2",
      "resolved": "https://registry.npmjs.org/forwarded/-/forwarded-0.1.2.tgz",
      "integrity": "sha1-mMI9qxF1ZXuMBXPozszZGw/xjIQ="
    },
    "fresh": {
      "version": "0.5.2",
      "resolved": "https://registry.npmjs.org/fresh/-/fresh-0.5.2.tgz",
      "integrity": "sha1-PYyt2Q2XZWn6g1qx+OSyOhBWBac="
    },
    "generate-function": {
      "version": "2.3.1",
      "resolved": "https://registry.npmjs.org/generate-function/-/generate-function-2.3.1.tgz",
      "integrity": "sha512-eeB5GfMNeevm/GRYq20ShmsaGcmI81kIX2K9XQx5miC8KdHaC6Jm0qQ8ZNeGOi7wYB8OsdxKs+Y2oVuTFuVwKQ==",
      "requires": {
        "is-property": "^1.0.2"
      }
    },
    "glob": {
      "version": "6.0.4",
      "resolved": "https://registry.npmjs.org/glob/-/glob-6.0.4.tgz",
      "integrity": "sha1-DwiGD2oVUSey+t1PnOJLGqtuTSI=",
      "optional": true,
      "requires": {
        "inflight": "^1.0.4",
        "inherits": "2",
        "minimatch": "2 || 3",
        "once": "^1.3.0",
        "path-is-absolute": "^1.0.0"
      }
    },
    "http-errors": {
      "version": "1.6.3",
      "resolved": "https://registry.npmjs.org/http-errors/-/http-errors-1.6.3.tgz",
      "integrity": "sha1-i1VoC7S+KDoLW/TqLjhYC+HZMg0=",
      "requires": {
        "depd": "~1.1.2",
        "inherits": "2.0.3",
        "setprototypeof": "1.1.0",
        "statuses": ">= 1.4.0 < 2"
      }
    },
    "iconv-lite": {
      "version": "0.4.19",
      "resolved": "https://registry.npmjs.org/iconv-lite/-/iconv-lite-0.4.19.tgz",
      "integrity": "sha512-oTZqweIP51xaGPI4uPa56/Pri/480R+mo7SeU+YETByQNhDG55ycFyNLIgta9vXhILrxXDmF7ZGhqZIcuN0gJQ=="
    },
    "inflight": {
      "version": "1.0.6",
      "resolved": "https://registry.npmjs.org/inflight/-/inflight-1.0.6.tgz",
      "integrity": "sha1-Sb1jMdfQLQwJvJEKEHW6gWW1bfk=",
      "optional": true,
      "requires": {
        "once": "^1.3.0",
        "wrappy": "1"
      }
    },
    "inherits": {
      "version": "2.0.3",
      "resolved": "https://registry.npmjs.org/inherits/-/inherits-2.0.3.tgz",
      "integrity": "sha1-Yzwsg+PaQqUC9SRmAiSA9CCCYd4="
    },
    "ipaddr.js": {
      "version": "1.6.0",
      "resolved": "https://registry.npmjs.org/ipaddr.js/-/ipaddr.js-1.6.0.tgz",
      "integrity": "sha1-4/o1e3c9phnybpXwSdBVxyeW+Gs="
    },
    "is-property": {
      "version": "1.0.2",
      "resolved": "https://registry.npmjs.org/is-property/-/is-property-1.0.2.tgz",
      "integrity": "sha1-V/4cTkhHTt1lsJkR8msc1Ald2oQ="
    },
    "ldap-filter": {
      "version": "0.2.2",
      "resolved": "https://registry.npmjs.org/ldap-filter/-/ldap-filter-0.2.2.tgz",
      "integrity": "sha1-8rhCvguG2jNSeYUFsx68rlkNd9A=",
      "requires": {
        "assert-plus": "0.1.5"
      },
      "dependencies": {
        "assert-plus": {
          "version": "0.1.5",
          "resolved": "https://registry.npmjs.org/assert-plus/-/assert-plus-0.1.5.tgz",
          "integrity": "sha1-7nQAlBMALYTOxyGcasgRgS5yMWA="
        }
      }
    },
    "ldapauth-fork": {
      "version": "4.0.2",
      "resolved": "https://registry.npmjs.org/ldapauth-fork/-/ldapauth-fork-4.0.2.tgz",
      "integrity": "sha512-YoPHsyfV6L/4SO5EMi/Jk1xUMaY+ANlR4Yp+WIsqGkWOLPKkuzRYB4s/IsdKBeb3sdwVCw+q/YN9eoa1dXmQdA==",
      "requires": {
        "@types/ldapjs": "^1.0.0",
        "@types/node": "^7.0.21",
        "bcryptjs": "^2.4.0",
        "ldapjs": "^1.0.1",
        "lru-cache": "^4.0.2"
      }
    },
    "ldapjs": {
      "version": "1.0.2",
      "resolved": "https://registry.npmjs.org/ldapjs/-/ldapjs-1.0.2.tgz",
      "integrity": "sha1-VE/3Ayt7g8aPBwEyjZKXqmlDQPk=",
      "requires": {
        "asn1": "0.2.3",
        "assert-plus": "^1.0.0",
        "backoff": "^2.5.0",
        "bunyan": "^1.8.3",
        "dashdash": "^1.14.0",
        "dtrace-provider": "~0.8",
        "ldap-filter": "0.2.2",
        "once": "^1.4.0",
        "vasync": "^1.6.4",
        "verror": "^1.8.1"
      }
    },
    "lodash": {
      "version": "4.17.10",
      "resolved": "https://registry.npmjs.org/lodash/-/lodash-4.17.10.tgz",
      "integrity": "sha512-UejweD1pDoXu+AD825lWwp4ZGtSwgnpZxb3JDViD7StjQz+Nb/6l093lx4OQ0foGWNRoc19mWy7BzL+UAK2iVg=="
    },
    "long": {
      "version": "4.0.0",
      "resolved": "https://registry.npmjs.org/long/-/long-4.0.0.tgz",
      "integrity": "sha512-XsP+KhQif4bjX1kbuSiySJFNAehNxgLb6hPRGJ9QsUr8ajHkuXGdrHmFUTUUXhDwVX2R5bY4JNZEwbUiMhV+MA=="
    },
    "lru-cache": {
      "version": "4.1.3",
      "resolved": "https://registry.npmjs.org/lru-cache/-/lru-cache-4.1.3.tgz",
      "integrity": "sha512-fFEhvcgzuIoJVUF8fYr5KR0YqxD238zgObTps31YdADwPPAp82a4M8TrckkWyx7ekNlf9aBcVn81cFwwXngrJA==",
      "requires": {
        "pseudomap": "^1.0.2",
        "yallist": "^2.1.2"
      }
    },
    "markdown": {
      "version": "0.5.0",
      "resolved": "https://registry.npmjs.org/markdown/-/markdown-0.5.0.tgz",
      "integrity": "sha1-KCBbVlqK51kt4gdGPWY33BgnIrI=",
      "requires": {
        "nopt": "~2.1.1"
      }
    },
    "media-typer": {
      "version": "0.3.0",
      "resolved": "https://registry.npmjs.org/media-typer/-/media-typer-0.3.0.tgz",
      "integrity": "sha1-hxDXrwqmJvj/+hzgAWhUUmMlV0g="
    },
    "merge-descriptors": {
      "version": "1.0.1",
      "resolved": "https://registry.npmjs.org/merge-descriptors/-/merge-descriptors-1.0.1.tgz",
      "integrity": "sha1-sAqqVW3YtEVoFQ7J0blT8/kMu2E="
    },
    "methods": {
      "version": "1.1.2",
      "resolved": "https://registry.npmjs.org/methods/-/methods-1.1.2.tgz",
      "integrity": "sha1-VSmk1nZUE07cxSZmVoNbD4Ua/O4="
    },
    "mime": {
      "version": "1.4.1",
      "resolved": "https://registry.npmjs.org/mime/-/mime-1.4.1.tgz",
      "integrity": "sha512-KI1+qOZu5DcW6wayYHSzR/tXKCDC5Om4s1z2QJjDULzLcmf3DvzS7oluY4HCTrc+9FiKmWUgeNLg7W3uIQvxtQ=="
    },
    "mime-db": {
      "version": "1.33.0",
      "resolved": "https://registry.npmjs.org/mime-db/-/mime-db-1.33.0.tgz",
      "integrity": "sha512-BHJ/EKruNIqJf/QahvxwQZXKygOQ256myeN/Ew+THcAa5q+PjyTTMMeNQC4DZw5AwfvelsUrA6B67NKMqXDbzQ=="
    },
    "mime-types": {
      "version": "2.1.18",
      "resolved": "https://registry.npmjs.org/mime-types/-/mime-types-2.1.18.tgz",
      "integrity": "sha512-lc/aahn+t4/SWV/qcmumYjymLsWfN3ELhpmVuUFjgsORruuZPVSwAQryq+HHGvO/SI2KVX26bx+En+zhM8g8hQ==",
      "requires": {
        "mime-db": "~1.33.0"
      }
    },
    "minimatch": {
      "version": "3.0.4",
      "resolved": "https://registry.npmjs.org/minimatch/-/minimatch-3.0.4.tgz",
      "integrity": "sha512-yJHVQEhyqPLUTgt9B83PXu6W3rx4MvvHvSUvToogpwoGDOUQ+yDrR0HRot+yOCdCO7u4hX3pWft6kWBBcqh0UA==",
      "optional": true,
      "requires": {
        "brace-expansion": "^1.1.7"
      }
    },
    "minimist": {
      "version": "0.0.8",
      "resolved": "https://registry.npmjs.org/minimist/-/minimist-0.0.8.tgz",
      "integrity": "sha1-hX/Kv8M5fSYluCKCYuhqp6ARsF0=",
      "optional": true
    },
    "mkdirp": {
      "version": "0.5.1",
      "resolved": "https://registry.npmjs.org/mkdirp/-/mkdirp-0.5.1.tgz",
      "integrity": "sha1-MAV0OOrGz3+MR2fzhkjWaX11yQM=",
      "optional": true,
      "requires": {
        "minimist": "0.0.8"
      }
    },
    "moment": {
      "version": "2.22.2",
      "resolved": "https://registry.npmjs.org/moment/-/moment-2.22.2.tgz",
      "integrity": "sha1-PCV/mDn8DpP/UxSWMiOeuQeD/2Y=",
      "optional": true
    },
    "ms": {
      "version": "2.0.0",
      "resolved": "https://registry.npmjs.org/ms/-/ms-2.0.0.tgz",
      "integrity": "sha1-VgiurfwAvmwpAd9fmGF4jeDVl8g="
    },
    "mv": {
      "version": "2.1.1",
      "resolved": "https://registry.npmjs.org/mv/-/mv-2.1.1.tgz",
      "integrity": "sha1-rmzg1vbV4KT32JN5jQPB6pVZtqI=",
      "optional": true,
      "requires": {
        "mkdirp": "~0.5.1",
        "ncp": "~2.0.0",
        "rimraf": "~2.4.0"
      }
    },
    "mysql2": {
      "version": "1.6.4",
      "resolved": "https://registry.npmjs.org/mysql2/-/mysql2-1.6.4.tgz",
      "integrity": "sha512-ZYbYgK06HKfxU45tYYLfwW5gKt8BslfE7FGyULNrf2K2fh+DuEX+e0QKsd2ObpZkMILefaVn8hsakVsTFqravQ==",
      "requires": {
        "denque": "1.3.0",
        "generate-function": "^2.3.1",
        "iconv-lite": "^0.4.24",
        "long": "^4.0.0",
        "lru-cache": "4.1.3",
        "named-placeholders": "1.1.1",
        "seq-queue": "0.0.5",
        "sqlstring": "2.3.1"
      },
      "dependencies": {
        "iconv-lite": {
          "version": "0.4.24",
          "resolved": "https://registry.npmjs.org/iconv-lite/-/iconv-lite-0.4.24.tgz",
          "integrity": "sha512-v3MXnZAcvnywkTUEZomIActle7RXXeedOR31wwl7VlyoXO4Qi9arvSenNQWne1TcRwhCL1HwLI21bEqdpj8/rA==",
          "requires": {
            "safer-buffer": ">= 2.1.2 < 3"
          }
        },
        "sqlstring": {
          "version": "2.3.1",
          "resolved": "https://registry.npmjs.org/sqlstring/-/sqlstring-2.3.1.tgz",
          "integrity": "sha1-R1OT/56RR5rqYtyvDKPRSYOn+0A="
        }
      }
    },
    "named-placeholders": {
      "version": "1.1.1",
      "resolved": "https://registry.npmjs.org/named-placeholders/-/named-placeholders-1.1.1.tgz",
      "integrity": "sha1-O3oNJiA910s6nfTJz7gnsvuQfmQ=",
      "requires": {
        "lru-cache": "2.5.0"
      },
      "dependencies": {
        "lru-cache": {
          "version": "2.5.0",
          "resolved": "https://registry.npmjs.org/lru-cache/-/lru-cache-2.5.0.tgz",
          "integrity": "sha1-2COIrpyWC+y+oMc7uet5tsbOmus="
        }
      }
    },
    "nan": {
      "version": "2.10.0",
      "resolved": "https://registry.npmjs.org/nan/-/nan-2.10.0.tgz",
      "integrity": "sha512-bAdJv7fBLhWC+/Bls0Oza+mvTaNQtP+1RyhhhvD95pgUJz6XM5IzgmxOkItJ9tkoCiplvAnXI1tNmmUD/eScyA==",
      "optional": true
    },
    "ncp": {
      "version": "2.0.0",
      "resolved": "https://registry.npmjs.org/ncp/-/ncp-2.0.0.tgz",
      "integrity": "sha1-GVoh1sRuNh0vsSgbo4uR6d9727M=",
      "optional": true
    },
    "negotiator": {
      "version": "0.6.1",
      "resolved": "https://registry.npmjs.org/negotiator/-/negotiator-0.6.1.tgz",
      "integrity": "sha1-KzJxhOiZIQEXeyhWP7XnECrNDKk="
    },
    "node-forge": {
      "version": "0.7.5",
      "resolved": "https://registry.npmjs.org/node-forge/-/node-forge-0.7.5.tgz",
      "integrity": "sha512-MmbQJ2MTESTjt3Gi/3yG1wGpIMhUfcIypUCGtTizFR9IiccFwxSpfp0vtIZlkFclEqERemxfnSdZEMR9VqqEFQ=="
    },
    "node-truncate": {
      "version": "0.1.0",
      "resolved": "https://registry.npmjs.org/node-truncate/-/node-truncate-0.1.0.tgz",
      "integrity": "sha1-XXG9JLdo+6CEMa0S1TBhdZ/XJws="
    },
    "nopt": {
      "version": "2.1.2",
      "resolved": "https://registry.npmjs.org/nopt/-/nopt-2.1.2.tgz",
      "integrity": "sha1-bMzZd7gBMqB3MdbozljCyDA8+a8=",
      "requires": {
        "abbrev": "1"
      }
    },
    "oauth": {
      "version": "0.9.15",
      "resolved": "https://registry.npmjs.org/oauth/-/oauth-0.9.15.tgz",
      "integrity": "sha1-vR/vr2hslrdUda7VGWQS/2DPucE="
    },
    "on-finished": {
      "version": "2.3.0",
      "resolved": "https://registry.npmjs.org/on-finished/-/on-finished-2.3.0.tgz",
      "integrity": "sha1-IPEzZIGwg811M3mSoWlxqi2QaUc=",
      "requires": {
        "ee-first": "1.1.1"
      }
    },
    "on-headers": {
      "version": "1.0.1",
      "resolved": "https://registry.npmjs.org/on-headers/-/on-headers-1.0.1.tgz",
      "integrity": "sha1-ko9dD0cNSTQmUepnlLCFfBAGk/c="
    },
    "once": {
      "version": "1.4.0",
      "resolved": "https://registry.npmjs.org/once/-/once-1.4.0.tgz",
      "integrity": "sha1-WDsap3WWHUsROsF9nFC6753Xa9E=",
      "requires": {
        "wrappy": "1"
      }
    },
    "parseurl": {
      "version": "1.3.2",
      "resolved": "https://registry.npmjs.org/parseurl/-/parseurl-1.3.2.tgz",
      "integrity": "sha1-/CidTtiZMRlGDBViUyYs3I3mW/M="
    },
    "passport": {
      "version": "0.3.2",
      "resolved": "https://registry.npmjs.org/passport/-/passport-0.3.2.tgz",
      "integrity": "sha1-ndAJ+RXo/glbASSgG4+C2gdRAQI=",
      "requires": {
        "passport-strategy": "1.x.x",
        "pause": "0.0.1"
      }
    },
    "passport-google-oauth20": {
      "version": "1.0.0",
      "resolved": "https://registry.npmjs.org/passport-google-oauth20/-/passport-google-oauth20-1.0.0.tgz",
      "integrity": "sha1-O5YOih1w0dvnlGFcgnxoxAOSpdA=",
      "requires": {
        "passport-oauth2": "1.x.x"
      }
    },
    "passport-ldapauth": {
      "version": "2.0.0",
      "resolved": "https://registry.npmjs.org/passport-ldapauth/-/passport-ldapauth-2.0.0.tgz",
      "integrity": "sha1-Qt/wBEFxhdCk2fd2o+7Y1HMf1ok=",
      "requires": {
        "@types/node": "^7.0.23",
        "@types/passport": "^0.3.3",
        "ldapauth-fork": "^4.0.1",
        "passport-strategy": "^1.0.0"
      }
    },
    "passport-local": {
      "version": "1.0.0",
      "resolved": "https://registry.npmjs.org/passport-local/-/passport-local-1.0.0.tgz",
      "integrity": "sha1-H+YyaMkudWBmJkN+O5BmYsFbpu4=",
      "requires": {
        "passport-strategy": "1.x.x"
      }
    },
    "passport-oauth": {
      "version": "0.1.15",
      "resolved": "https://registry.npmjs.org/passport-oauth/-/passport-oauth-0.1.15.tgz",
      "integrity": "sha1-+3Tgr+hGFL+iVsX8cWzFa7/IzsA=",
      "requires": {
        "oauth": "0.9.x",
        "passport": "~0.1.1",
        "pkginfo": "0.2.x"
      },
      "dependencies": {
        "passport": {
          "version": "0.1.18",
          "resolved": "https://registry.npmjs.org/passport/-/passport-0.1.18.tgz",
          "integrity": "sha1-yCZEedy2QUytu2Z1LRKzfgtlJaE=",
          "requires": {
            "pause": "0.0.1",
            "pkginfo": "0.2.x"
          }
        }
      }
    },
    "passport-oauth2": {
      "version": "1.4.0",
      "resolved": "https://registry.npmjs.org/passport-oauth2/-/passport-oauth2-1.4.0.tgz",
      "integrity": "sha1-9i+BWDy+EmCb585vFguTlaJ7hq0=",
      "requires": {
        "oauth": "0.9.x",
        "passport-strategy": "1.x.x",
        "uid2": "0.0.x",
        "utils-merge": "1.x.x"
      }
    },
    "passport-saml": {
      "version": "0.33.0",
      "resolved": "https://registry.npmjs.org/passport-saml/-/passport-saml-0.33.0.tgz",
      "integrity": "sha1-UbmfGdztVtJG7k4oh+MvBjIfvs8=",
      "requires": {
        "passport-strategy": "*",
        "q": "^1.5.0",
        "xml-crypto": "^0.10.1",
        "xml-encryption": "^0.11.0",
        "xml2js": "0.4.x",
        "xmlbuilder": "^9.0.4",
        "xmldom": "0.1.x"
      }
    },
    "passport-slack": {
      "version": "0.0.7",
      "resolved": "https://registry.npmjs.org/passport-slack/-/passport-slack-0.0.7.tgz",
      "integrity": "sha1-Fn64Dwq2ItIVbnyucFXhbQsYkNA=",
      "requires": {
        "passport-oauth": "~0.1.1",
        "pkginfo": "0.2.x"
      }
    },
    "passport-strategy": {
      "version": "1.0.0",
      "resolved": "https://registry.npmjs.org/passport-strategy/-/passport-strategy-1.0.0.tgz",
      "integrity": "sha1-tVOaqPwiWj0a0XlHbd8ja0QPUuQ="
    },
    "path-is-absolute": {
      "version": "1.0.1",
      "resolved": "https://registry.npmjs.org/path-is-absolute/-/path-is-absolute-1.0.1.tgz",
      "integrity": "sha1-F0uSaHNVNP+8es5r9TpanhtcX18=",
      "optional": true
    },
    "path-to-regexp": {
      "version": "0.1.7",
      "resolved": "https://registry.npmjs.org/path-to-regexp/-/path-to-regexp-0.1.7.tgz",
      "integrity": "sha1-32BBeABfUi8V60SQ5yR6G/qmf4w="
    },
    "pause": {
      "version": "0.0.1",
      "resolved": "https://registry.npmjs.org/pause/-/pause-0.0.1.tgz",
      "integrity": "sha1-HUCLP9t2kjuVQ9lvtMnf1TXZy10="
    },
    "pkginfo": {
      "version": "0.2.3",
      "resolved": "https://registry.npmjs.org/pkginfo/-/pkginfo-0.2.3.tgz",
      "integrity": "sha1-cjnEKl72wwuPMoQ52bn/cQQkkPg="
    },
    "pnglib": {
      "version": "0.0.1",
      "resolved": "https://registry.npmjs.org/pnglib/-/pnglib-0.0.1.tgz",
      "integrity": "sha1-+atvnGiPSp1Xmti+KIeKcW4wwJY="
    },
    "precond": {
      "version": "0.2.3",
      "resolved": "https://registry.npmjs.org/precond/-/precond-0.2.3.tgz",
      "integrity": "sha1-qpWRvKokkj8eD0hJ0kD0fvwQdaw="
    },
    "proxy-addr": {
      "version": "2.0.3",
      "resolved": "https://registry.npmjs.org/proxy-addr/-/proxy-addr-2.0.3.tgz",
      "integrity": "sha512-jQTChiCJteusULxjBp8+jftSQE5Obdl3k4cnmLA6WXtK6XFuWRnvVL7aCiBqaLPM8c4ph0S4tKna8XvmIwEnXQ==",
      "requires": {
        "forwarded": "~0.1.2",
        "ipaddr.js": "1.6.0"
      }
    },
    "pseudomap": {
      "version": "1.0.2",
      "resolved": "https://registry.npmjs.org/pseudomap/-/pseudomap-1.0.2.tgz",
      "integrity": "sha1-8FKijacOYYkX7wqKw0wa5aaChrM="
    },
    "q": {
      "version": "1.5.1",
      "resolved": "https://registry.npmjs.org/q/-/q-1.5.1.tgz",
      "integrity": "sha1-fjL3W0E4EpHQRhHxvxQQmsAGUdc="
    },
    "qs": {
      "version": "6.5.1",
      "resolved": "https://registry.npmjs.org/qs/-/qs-6.5.1.tgz",
      "integrity": "sha512-eRzhrN1WSINYCDCbrz796z37LOe3m5tmW7RQf6oBntukAG1nmovJvhnwHHRMAfeoItc1m2Hk02WER2aQ/iqs+A=="
    },
    "random-bytes": {
      "version": "1.0.0",
      "resolved": "https://registry.npmjs.org/random-bytes/-/random-bytes-1.0.0.tgz",
      "integrity": "sha1-T2ih3Arli9P7lYSMMDJNt11kNgs="
    },
    "range-parser": {
      "version": "1.2.0",
      "resolved": "https://registry.npmjs.org/range-parser/-/range-parser-1.2.0.tgz",
      "integrity": "sha1-9JvmtIeJTdxA3MlKMi9hEJLgDV4="
    },
    "raw-body": {
      "version": "2.3.2",
      "resolved": "https://registry.npmjs.org/raw-body/-/raw-body-2.3.2.tgz",
      "integrity": "sha1-vNYMd9Prk83gBQKVw/N5OJvIj4k=",
      "requires": {
        "bytes": "3.0.0",
        "http-errors": "1.6.2",
        "iconv-lite": "0.4.19",
        "unpipe": "1.0.0"
      },
      "dependencies": {
        "depd": {
          "version": "1.1.1",
          "resolved": "https://registry.npmjs.org/depd/-/depd-1.1.1.tgz",
          "integrity": "sha1-V4O04cRZ8G+lyif5kfPQbnoxA1k="
        },
        "http-errors": {
          "version": "1.6.2",
          "resolved": "https://registry.npmjs.org/http-errors/-/http-errors-1.6.2.tgz",
          "integrity": "sha1-CgAsyFcHGSp+eUbO7cERVfYOxzY=",
          "requires": {
            "depd": "1.1.1",
            "inherits": "2.0.3",
            "setprototypeof": "1.0.3",
            "statuses": ">= 1.3.1 < 2"
          }
        },
        "setprototypeof": {
          "version": "1.0.3",
          "resolved": "https://registry.npmjs.org/setprototypeof/-/setprototypeof-1.0.3.tgz",
          "integrity": "sha1-ZlZ+NwQ+608E2RvWWMDL77VbjgQ="
        }
      }
    },
    "rimraf": {
      "version": "2.4.5",
      "resolved": "https://registry.npmjs.org/rimraf/-/rimraf-2.4.5.tgz",
      "integrity": "sha1-7nEM5dk6j9uFb7Xqj/Di11k0sto=",
      "optional": true,
      "requires": {
        "glob": "^6.0.1"
      }
    },
    "safe-buffer": {
      "version": "5.1.1",
      "resolved": "https://registry.npmjs.org/safe-buffer/-/safe-buffer-5.1.1.tgz",
      "integrity": "sha1-iTMSr2myEj3vcfV4iQAWce6yyFM="
    },
    "safe-json-stringify": {
      "version": "1.2.0",
      "resolved": "https://registry.npmjs.org/safe-json-stringify/-/safe-json-stringify-1.2.0.tgz",
      "integrity": "sha512-gH8eh2nZudPQO6TytOvbxnuhYBOvDBBLW52tz5q6X58lJcd/tkmqFR+5Z9adS8aJtURSXWThWy/xJtJwixErvg==",
      "optional": true
    },
    "safer-buffer": {
      "version": "2.1.2",
      "resolved": "https://registry.npmjs.org/safer-buffer/-/safer-buffer-2.1.2.tgz",
      "integrity": "sha512-YZo3K82SD7Riyi0E1EQPojLz7kpepnSQI9IyPbHHg1XXXevb5dJI7tpyN2ADxGcQbHG7vcyRHk0cbwqcQriUtg=="
    },
    "sax": {
      "version": "1.2.4",
      "resolved": "https://registry.npmjs.org/sax/-/sax-1.2.4.tgz",
      "integrity": "sha512-NqVDv9TpANUjFm0N8uM5GxL36UgKi9/atZw+x7YFnQ8ckwFGKrl4xX4yWtrey3UJm5nP1kUbnYgLopqWNSRhWw=="
    },
    "send": {
      "version": "0.16.2",
      "resolved": "https://registry.npmjs.org/send/-/send-0.16.2.tgz",
      "integrity": "sha512-E64YFPUssFHEFBvpbbjr44NCLtI1AohxQ8ZSiJjQLskAdKuriYEP6VyGEsRDH8ScozGpkaX1BGvhanqCwkcEZw==",
      "requires": {
        "debug": "2.6.9",
        "depd": "~1.1.2",
        "destroy": "~1.0.4",
        "encodeurl": "~1.0.2",
        "escape-html": "~1.0.3",
        "etag": "~1.8.1",
        "fresh": "0.5.2",
        "http-errors": "~1.6.2",
        "mime": "1.4.1",
        "ms": "2.0.0",
        "on-finished": "~2.3.0",
        "range-parser": "~1.2.0",
        "statuses": "~1.4.0"
      },
      "dependencies": {
        "statuses": {
          "version": "1.4.0",
          "resolved": "https://registry.npmjs.org/statuses/-/statuses-1.4.0.tgz",
          "integrity": "sha512-zhSCtt8v2NDrRlPQpCNtw/heZLtfUDqxBM1udqikb/Hbk52LK4nQSwr10u77iopCW5LsyHpuXS0GnEc48mLeew=="
        }
      }
    },
    "seq-queue": {
      "version": "0.0.5",
      "resolved": "https://registry.npmjs.org/seq-queue/-/seq-queue-0.0.5.tgz",
      "integrity": "sha1-1WgS4cAXpuTnw+Ojeh2m143TyT4="
    },
    "serve-static": {
      "version": "1.13.2",
      "resolved": "https://registry.npmjs.org/serve-static/-/serve-static-1.13.2.tgz",
      "integrity": "sha512-p/tdJrO4U387R9oMjb1oj7qSMaMfmOyd4j9hOFoxZe2baQszgHcSWjuya/CiT5kgZZKRudHNOA0pYXOl8rQ5nw==",
      "requires": {
        "encodeurl": "~1.0.2",
        "escape-html": "~1.0.3",
        "parseurl": "~1.3.2",
        "send": "0.16.2"
      }
    },
    "setprototypeof": {
      "version": "1.1.0",
      "resolved": "https://registry.npmjs.org/setprototypeof/-/setprototypeof-1.1.0.tgz",
      "integrity": "sha512-BvE/TwpZX4FXExxOxZyRGQQv651MSwmWKZGqvmPcRIjDqWub67kTKuIMx43cZZrS/cBBzwBcNDWoFxt2XEFIpQ=="
    },
    "statuses": {
      "version": "1.5.0",
      "resolved": "https://registry.npmjs.org/statuses/-/statuses-1.5.0.tgz",
      "integrity": "sha1-Fhx9rBd2Wf2YEfQ3cfqZOBR4Yow="
    },
    "type-is": {
      "version": "1.6.16",
      "resolved": "https://registry.npmjs.org/type-is/-/type-is-1.6.16.tgz",
      "integrity": "sha512-HRkVv/5qY2G6I8iab9cI7v1bOIdhm94dVjQCPFElW9W+3GeDOSHmy2EBYe4VTApuzolPcmgFTN3ftVJRKR2J9Q==",
      "requires": {
        "media-typer": "0.3.0",
        "mime-types": "~2.1.18"
      }
    },
    "uid-safe": {
      "version": "2.1.5",
      "resolved": "https://registry.npmjs.org/uid-safe/-/uid-safe-2.1.5.tgz",
      "integrity": "sha1-Kz1cckDo/C5Y+Komnl7knAhXvTo=",
      "requires": {
        "random-bytes": "~1.0.0"
      }
    },
    "uid2": {
      "version": "0.0.3",
      "resolved": "https://registry.npmjs.org/uid2/-/uid2-0.0.3.tgz",
      "integrity": "sha1-SDEm4Rd03y9xuLY53NeZw3YWK4I="
    },
    "unpipe": {
      "version": "1.0.0",
      "resolved": "https://registry.npmjs.org/unpipe/-/unpipe-1.0.0.tgz",
      "integrity": "sha1-sr9O6FFKrmFltIF4KdIbLvSZBOw="
    },
    "utils-merge": {
      "version": "1.0.0",
      "resolved": "https://registry.npmjs.org/utils-merge/-/utils-merge-1.0.0.tgz",
      "integrity": "sha1-ApT7kiu5N1FTVBxPcJYjHyh8ivg="
    },
    "validator": {
      "version": "7.2.0",
      "resolved": "https://registry.npmjs.org/validator/-/validator-7.2.0.tgz",
      "integrity": "sha1-pj3Lq6UdQ1C/jfIJiODVpU1xF5E="
    },
    "vary": {
      "version": "1.1.2",
      "resolved": "https://registry.npmjs.org/vary/-/vary-1.1.2.tgz",
      "integrity": "sha1-IpnwLG3tMNSllhsLn3RSShj2NPw="
    },
    "vasync": {
      "version": "1.6.4",
      "resolved": "https://registry.npmjs.org/vasync/-/vasync-1.6.4.tgz",
      "integrity": "sha1-3+k2Fq0OeugBszKp2Iv8XNyOHR8=",
      "requires": {
        "verror": "1.6.0"
      },
      "dependencies": {
        "verror": {
          "version": "1.6.0",
          "resolved": "https://registry.npmjs.org/verror/-/verror-1.6.0.tgz",
          "integrity": "sha1-fROyex+swuLakEBetepuW90lLqU=",
          "requires": {
            "extsprintf": "1.2.0"
          }
        }
      }
    },
    "verror": {
      "version": "1.10.0",
      "resolved": "https://registry.npmjs.org/verror/-/verror-1.10.0.tgz",
      "integrity": "sha1-OhBcoXBTr1XW4nDB+CiGguGNpAA=",
      "requires": {
        "assert-plus": "^1.0.0",
        "core-util-is": "1.0.2",
        "extsprintf": "^1.2.0"
      }
    },
    "wrappy": {
      "version": "1.0.2",
      "resolved": "https://registry.npmjs.org/wrappy/-/wrappy-1.0.2.tgz",
      "integrity": "sha1-tSQ9jz7BqjXxNkYFvA0QNuMKtp8="
    },
    "xml-crypto": {
      "version": "0.10.1",
      "resolved": "https://registry.npmjs.org/xml-crypto/-/xml-crypto-0.10.1.tgz",
      "integrity": "sha1-+DL3TM9W8kr8rhFjofyrRNlndKg=",
      "requires": {
        "xmldom": "=0.1.19",
        "xpath.js": ">=0.0.3"
      },
      "dependencies": {
        "xmldom": {
          "version": "0.1.19",
          "resolved": "https://registry.npmjs.org/xmldom/-/xmldom-0.1.19.tgz",
          "integrity": "sha1-Yx/Ad3bv2EEYvyUXGzftTQdaCrw="
        }
      }
    },
    "xml-encryption": {
      "version": "0.11.1",
      "resolved": "https://registry.npmjs.org/xml-encryption/-/xml-encryption-0.11.1.tgz",
      "integrity": "sha1-/x+TfcBi1PZ7glTYDaHAqJFCfwU=",
      "requires": {
        "async": "^2.1.5",
        "ejs": "^2.5.6",
        "node-forge": "^0.7.0",
        "xmldom": "~0.1.15",
        "xpath": "0.0.24"
      }
    },
    "xml2js": {
      "version": "0.4.19",
      "resolved": "https://registry.npmjs.org/xml2js/-/xml2js-0.4.19.tgz",
      "integrity": "sha512-esZnJZJOiJR9wWKMyuvSE1y6Dq5LCuJanqhxslH2bxM6duahNZ+HMpCLhBQGZkbX6xRf8x1Y2eJlgt2q3qo49Q==",
      "requires": {
        "sax": ">=0.6.0",
        "xmlbuilder": "~9.0.1"
      }
    },
    "xmlbuilder": {
      "version": "9.0.7",
      "resolved": "https://registry.npmjs.org/xmlbuilder/-/xmlbuilder-9.0.7.tgz",
      "integrity": "sha1-Ey7mPS7FVlxVfiD0wi35rKaGsQ0="
    },
    "xmldom": {
      "version": "0.1.27",
      "resolved": "https://registry.npmjs.org/xmldom/-/xmldom-0.1.27.tgz",
      "integrity": "sha1-1QH5ezvbQDr4757MIFcxh6rawOk="
    },
    "xpath": {
      "version": "0.0.24",
      "resolved": "https://registry.npmjs.org/xpath/-/xpath-0.0.24.tgz",
      "integrity": "sha1-Gt4WLhzFI8jTn8fQavwW6iFvKfs="
    },
    "xpath.js": {
      "version": "1.1.0",
      "resolved": "https://registry.npmjs.org/xpath.js/-/xpath.js-1.1.0.tgz",
      "integrity": "sha512-jg+qkfS4K8E7965sqaUl8mRngXiKb3WZGfONgE18pr03FUQiuSV6G+Ej4tS55B+rIQSFEIw3phdVAQ4pPqNWfQ=="
    },
    "yallist": {
      "version": "2.1.2",
      "resolved": "https://registry.npmjs.org/yallist/-/yallist-2.1.2.tgz",
      "integrity": "sha1-HBH5IY8HYImkfdUS+TxmmaaoHVI="
    }
  }
}
